// !$*UTF8*$!
{
	archiveVersion = 1;
	classes = {
	};
	objectVersion = 55;
	objects = {

/* Begin PBXBuildFile section */
		0752025F2992E36900DE0936 /* LocationsViewController.swift in Sources */ = {isa = PBXBuildFile; fileRef = 0752025E2992E36900DE0936 /* LocationsViewController.swift */; };
		07520261299303C800DE0936 /* LocationCell.swift in Sources */ = {isa = PBXBuildFile; fileRef = 07520260299303C800DE0936 /* LocationCell.swift */; };
		075AC34E29960E05000908B0 /* MapViewController.swift in Sources */ = {isa = PBXBuildFile; fileRef = 075AC34D29960E05000908B0 /* MapViewController.swift */; };
		078BAC2C29918ED0004E6799 /* Location+CoreDataClass.swift in Sources */ = {isa = PBXBuildFile; fileRef = 078BAC2A29918ED0004E6799 /* Location+CoreDataClass.swift */; };
		078BAC2D29918ED0004E6799 /* Location+CoreDataProperties.swift in Sources */ = {isa = PBXBuildFile; fileRef = 078BAC2B29918ED0004E6799 /* Location+CoreDataProperties.swift */; };
		7E3870822925BF3300727729 /* LocationDetailsViewController.swift in Sources */ = {isa = PBXBuildFile; fileRef = 7E3870812925BF3300727729 /* LocationDetailsViewController.swift */; };
		7E520921292734F20047BE11 /* CategoryPickerViewController.swift in Sources */ = {isa = PBXBuildFile; fileRef = 7E520920292734F10047BE11 /* CategoryPickerViewController.swift */; };
		7E6D6078291EECEB00DC5F29 /* AppDelegate.swift in Sources */ = {isa = PBXBuildFile; fileRef = 7E6D6077291EECEB00DC5F29 /* AppDelegate.swift */; };
		7E6D607A291EECEB00DC5F29 /* SceneDelegate.swift in Sources */ = {isa = PBXBuildFile; fileRef = 7E6D6079291EECEB00DC5F29 /* SceneDelegate.swift */; };
		7E6D607C291EECEB00DC5F29 /* CurrentLocationViewController.swift in Sources */ = {isa = PBXBuildFile; fileRef = 7E6D607B291EECEB00DC5F29 /* CurrentLocationViewController.swift */; };
		7E6D607F291EECEB00DC5F29 /* Main.storyboard in Resources */ = {isa = PBXBuildFile; fileRef = 7E6D607D291EECEB00DC5F29 /* Main.storyboard */; };
		7E6D6082291EECEB00DC5F29 /* MyLocations.xcdatamodeld in Sources */ = {isa = PBXBuildFile; fileRef = 7E6D6080291EECEB00DC5F29 /* MyLocations.xcdatamodeld */; };
		7E6D6084291EED0500DC5F29 /* Assets.xcassets in Resources */ = {isa = PBXBuildFile; fileRef = 7E6D6083291EED0500DC5F29 /* Assets.xcassets */; };
		7E6D6087291EED0500DC5F29 /* LaunchScreen.storyboard in Resources */ = {isa = PBXBuildFile; fileRef = 7E6D6085291EED0500DC5F29 /* LaunchScreen.storyboard */; };
		7EB23EF0292E97EA003BD74A /* HudView.swift in Sources */ = {isa = PBXBuildFile; fileRef = 7EB23EEF292E97EA003BD74A /* HudView.swift */; };
		7EB23EF2292F5520003BD74A /* Functions.swift in Sources */ = {isa = PBXBuildFile; fileRef = 7EB23EF1292F5520003BD74A /* Functions.swift */; };
/* End PBXBuildFile section */

/* Begin PBXFileReference section */
		0752025E2992E36900DE0936 /* LocationsViewController.swift */ = {isa = PBXFileReference; lastKnownFileType = sourcecode.swift; path = LocationsViewController.swift; sourceTree = "<group>"; };
		07520260299303C800DE0936 /* LocationCell.swift */ = {isa = PBXFileReference; lastKnownFileType = sourcecode.swift; path = LocationCell.swift; sourceTree = "<group>"; };
		075AC34D29960E05000908B0 /* MapViewController.swift */ = {isa = PBXFileReference; lastKnownFileType = sourcecode.swift; path = MapViewController.swift; sourceTree = "<group>"; };
		078BAC2A29918ED0004E6799 /* Location+CoreDataClass.swift */ = {isa = PBXFileReference; lastKnownFileType = sourcecode.swift; path = "Location+CoreDataClass.swift"; sourceTree = "<group>"; };
		078BAC2B29918ED0004E6799 /* Location+CoreDataProperties.swift */ = {isa = PBXFileReference; lastKnownFileType = sourcecode.swift; path = "Location+CoreDataProperties.swift"; sourceTree = "<group>"; };
		7E3870812925BF3300727729 /* LocationDetailsViewController.swift */ = {isa = PBXFileReference; lastKnownFileType = sourcecode.swift; path = LocationDetailsViewController.swift; sourceTree = "<group>"; };
		7E520920292734F10047BE11 /* CategoryPickerViewController.swift */ = {isa = PBXFileReference; lastKnownFileType = sourcecode.swift; path = CategoryPickerViewController.swift; sourceTree = "<group>"; };
		7E6D6074291EECEB00DC5F29 /* MyLocations.app */ = {isa = PBXFileReference; explicitFileType = wrapper.application; includeInIndex = 0; path = MyLocations.app; sourceTree = BUILT_PRODUCTS_DIR; };
		7E6D6077291EECEB00DC5F29 /* AppDelegate.swift */ = {isa = PBXFileReference; lastKnownFileType = sourcecode.swift; path = AppDelegate.swift; sourceTree = "<group>"; };
		7E6D6079291EECEB00DC5F29 /* SceneDelegate.swift */ = {isa = PBXFileReference; lastKnownFileType = sourcecode.swift; path = SceneDelegate.swift; sourceTree = "<group>"; };
		7E6D607B291EECEB00DC5F29 /* CurrentLocationViewController.swift */ = {isa = PBXFileReference; lastKnownFileType = sourcecode.swift; path = CurrentLocationViewController.swift; sourceTree = "<group>"; };
		7E6D607E291EECEB00DC5F29 /* Base */ = {isa = PBXFileReference; lastKnownFileType = file.storyboard; name = Base; path = Base.lproj/Main.storyboard; sourceTree = "<group>"; };
		7E6D6081291EECEB00DC5F29 /* MyLocations.xcdatamodel */ = {isa = PBXFileReference; lastKnownFileType = wrapper.xcdatamodel; path = MyLocations.xcdatamodel; sourceTree = "<group>"; };
		7E6D6083291EED0500DC5F29 /* Assets.xcassets */ = {isa = PBXFileReference; lastKnownFileType = folder.assetcatalog; path = Assets.xcassets; sourceTree = "<group>"; };
		7E6D6086291EED0500DC5F29 /* Base */ = {isa = PBXFileReference; lastKnownFileType = file.storyboard; name = Base; path = Base.lproj/LaunchScreen.storyboard; sourceTree = "<group>"; };
		7E6D6088291EED0500DC5F29 /* Info.plist */ = {isa = PBXFileReference; lastKnownFileType = text.plist.xml; path = Info.plist; sourceTree = "<group>"; };
		7EB23EEF292E97EA003BD74A /* HudView.swift */ = {isa = PBXFileReference; lastKnownFileType = sourcecode.swift; path = HudView.swift; sourceTree = "<group>"; };
		7EB23EF1292F5520003BD74A /* Functions.swift */ = {isa = PBXFileReference; lastKnownFileType = sourcecode.swift; path = Functions.swift; sourceTree = "<group>"; };
/* End PBXFileReference section */

/* Begin PBXFrameworksBuildPhase section */
		7E6D6071291EECEB00DC5F29 /* Frameworks */ = {
			isa = PBXFrameworksBuildPhase;
			buildActionMask = 2147483647;
			files = (
			);
			runOnlyForDeploymentPostprocessing = 0;
		};
/* End PBXFrameworksBuildPhase section */

/* Begin PBXGroup section */
		7E6D606B291EECEA00DC5F29 = {
			isa = PBXGroup;
			children = (
				7E6D6076291EECEB00DC5F29 /* MyLocations */,
				7E6D6075291EECEB00DC5F29 /* Products */,
			);
			sourceTree = "<group>";
		};
		7E6D6075291EECEB00DC5F29 /* Products */ = {
			isa = PBXGroup;
			children = (
				7E6D6074291EECEB00DC5F29 /* MyLocations.app */,
			);
			name = Products;
			sourceTree = "<group>";
		};
		7E6D6076291EECEB00DC5F29 /* MyLocations */ = {
			isa = PBXGroup;
			children = (
				7E6D6077291EECEB00DC5F29 /* AppDelegate.swift */,
				7E6D6083291EED0500DC5F29 /* Assets.xcassets */,
				7E520920292734F10047BE11 /* CategoryPickerViewController.swift */,
				7E6D607B291EECEB00DC5F29 /* CurrentLocationViewController.swift */,
				7EB23EF1292F5520003BD74A /* Functions.swift */,
				7EB23EEF292E97EA003BD74A /* HudView.swift */,
				7E6D6088291EED0500DC5F29 /* Info.plist */,
				7E6D6085291EED0500DC5F29 /* LaunchScreen.storyboard */,
				078BAC2A29918ED0004E6799 /* Location+CoreDataClass.swift */,
				078BAC2B29918ED0004E6799 /* Location+CoreDataProperties.swift */,
				7E3870812925BF3300727729 /* LocationDetailsViewController.swift */,
				7E6D607D291EECEB00DC5F29 /* Main.storyboard */,
				7E6D6080291EECEB00DC5F29 /* MyLocations.xcdatamodeld */,
				7E6D6079291EECEB00DC5F29 /* SceneDelegate.swift */,
				0752025E2992E36900DE0936 /* LocationsViewController.swift */,
				07520260299303C800DE0936 /* LocationCell.swift */,
				075AC34D29960E05000908B0 /* MapViewController.swift */,
			);
			path = MyLocations;
			sourceTree = "<group>";
		};
/* End PBXGroup section */

/* Begin PBXNativeTarget section */
		7E6D6073291EECEB00DC5F29 /* MyLocations */ = {
			isa = PBXNativeTarget;
			buildConfigurationList = 7E6D608B291EED0500DC5F29 /* Build configuration list for PBXNativeTarget "MyLocations" */;
			buildPhases = (
				7E6D6070291EECEB00DC5F29 /* Sources */,
				7E6D6071291EECEB00DC5F29 /* Frameworks */,
				7E6D6072291EECEB00DC5F29 /* Resources */,
			);
			buildRules = (
			);
			dependencies = (
			);
			name = MyLocations;
			productName = MyLocations;
			productReference = 7E6D6074291EECEB00DC5F29 /* MyLocations.app */;
			productType = "com.apple.product-type.application";
		};
/* End PBXNativeTarget section */

/* Begin PBXProject section */
		7E6D606C291EECEA00DC5F29 /* Project object */ = {
			isa = PBXProject;
			attributes = {
				BuildIndependentTargetsInParallel = 1;
				LastSwiftUpdateCheck = 1340;
				LastUpgradeCheck = 1340;
				TargetAttributes = {
					7E6D6073291EECEB00DC5F29 = {
						CreatedOnToolsVersion = 13.4.1;
					};
				};
			};
			buildConfigurationList = 7E6D606F291EECEA00DC5F29 /* Build configuration list for PBXProject "MyLocations" */;
			compatibilityVersion = "Xcode 13.0";
			developmentRegion = en;
			hasScannedForEncodings = 0;
			knownRegions = (
				en,
				Base,
			);
			mainGroup = 7E6D606B291EECEA00DC5F29;
			productRefGroup = 7E6D6075291EECEB00DC5F29 /* Products */;
			projectDirPath = "";
			projectRoot = "";
			targets = (
				7E6D6073291EECEB00DC5F29 /* MyLocations */,
			);
		};
/* End PBXProject section */

/* Begin PBXResourcesBuildPhase section */
		7E6D6072291EECEB00DC5F29 /* Resources */ = {
			isa = PBXResourcesBuildPhase;
			buildActionMask = 2147483647;
			files = (
				7E6D6087291EED0500DC5F29 /* LaunchScreen.storyboard in Resources */,
				7E6D6084291EED0500DC5F29 /* Assets.xcassets in Resources */,
				7E6D607F291EECEB00DC5F29 /* Main.storyboard in Resources */,
			);
			runOnlyForDeploymentPostprocessing = 0;
		};
/* End PBXResourcesBuildPhase section */

/* Begin PBXSourcesBuildPhase section */
		7E6D6070291EECEB00DC5F29 /* Sources */ = {
			isa = PBXSourcesBuildPhase;
			buildActionMask = 2147483647;
			files = (
				7E520921292734F20047BE11 /* CategoryPickerViewController.swift in Sources */,
				7E6D607C291EECEB00DC5F29 /* CurrentLocationViewController.swift in Sources */,
				7E6D6078291EECEB00DC5F29 /* AppDelegate.swift in Sources */,
				7EB23EF2292F5520003BD74A /* Functions.swift in Sources */,
				0752025F2992E36900DE0936 /* LocationsViewController.swift in Sources */,
				078BAC2D29918ED0004E6799 /* Location+CoreDataProperties.swift in Sources */,
				075AC34E29960E05000908B0 /* MapViewController.swift in Sources */,
				07520261299303C800DE0936 /* LocationCell.swift in Sources */,
				7E6D6082291EECEB00DC5F29 /* MyLocations.xcdatamodeld in Sources */,
				7E6D607A291EECEB00DC5F29 /* SceneDelegate.swift in Sources */,
				078BAC2C29918ED0004E6799 /* Location+CoreDataClass.swift in Sources */,
				7EB23EF0292E97EA003BD74A /* HudView.swift in Sources */,
				7E3870822925BF3300727729 /* LocationDetailsViewController.swift in Sources */,
			);
			runOnlyForDeploymentPostprocessing = 0;
		};
/* End PBXSourcesBuildPhase section */

/* Begin PBXVariantGroup section */
		7E6D607D291EECEB00DC5F29 /* Main.storyboard */ = {
			isa = PBXVariantGroup;
			children = (
				7E6D607E291EECEB00DC5F29 /* Base */,
			);
			name = Main.storyboard;
			sourceTree = "<group>";
		};
		7E6D6085291EED0500DC5F29 /* LaunchScreen.storyboard */ = {
			isa = PBXVariantGroup;
			children = (
				7E6D6086291EED0500DC5F29 /* Base */,
			);
			name = LaunchScreen.storyboard;
			sourceTree = "<group>";
		};
/* End PBXVariantGroup section */

/* Begin XCBuildConfiguration section */
		7E6D6089291EED0500DC5F29 /* Debug */ = {
			isa = XCBuildConfiguration;
			buildSettings = {
				ALWAYS_SEARCH_USER_PATHS = NO;
				CLANG_ANALYZER_NONNULL = YES;
				CLANG_ANALYZER_NUMBER_OBJECT_CONVERSION = YES_AGGRESSIVE;
				CLANG_CXX_LANGUAGE_STANDARD = "gnu++17";
				CLANG_ENABLE_MODULES = YES;
				CLANG_ENABLE_OBJC_ARC = YES;
				CLANG_ENABLE_OBJC_WEAK = YES;
				CLANG_WARN_BLOCK_CAPTURE_AUTORELEASING = YES;
				CLANG_WARN_BOOL_CONVERSION = YES;
				CLANG_WARN_COMMA = YES;
				CLANG_WARN_CONSTANT_CONVERSION = YES;
				CLANG_WARN_DEPRECATED_OBJC_IMPLEMENTATIONS = YES;
				CLANG_WARN_DIRECT_OBJC_ISA_USAGE = YES_ERROR;
				CLANG_WARN_DOCUMENTATION_COMMENTS = YES;
				CLANG_WARN_EMPTY_BODY = YES;
				CLANG_WARN_ENUM_CONVERSION = YES;
				CLANG_WARN_INFINITE_RECURSION = YES;
				CLANG_WARN_INT_CONVERSION = YES;
				CLANG_WARN_NON_LITERAL_NULL_CONVERSION = YES;
				CLANG_WARN_OBJC_IMPLICIT_RETAIN_SELF = YES;
				CLANG_WARN_OBJC_LITERAL_CONVERSION = YES;
				CLANG_WARN_OBJC_ROOT_CLASS = YES_ERROR;
				CLANG_WARN_QUOTED_INCLUDE_IN_FRAMEWORK_HEADER = YES;
				CLANG_WARN_RANGE_LOOP_ANALYSIS = YES;
				CLANG_WARN_STRICT_PROTOTYPES = YES;
				CLANG_WARN_SUSPICIOUS_MOVE = YES;
				CLANG_WARN_UNGUARDED_AVAILABILITY = YES_AGGRESSIVE;
				CLANG_WARN_UNREACHABLE_CODE = YES;
				CLANG_WARN__DUPLICATE_METHOD_MATCH = YES;
				COPY_PHASE_STRIP = NO;
				DEBUG_INFORMATION_FORMAT = dwarf;
				ENABLE_STRICT_OBJC_MSGSEND = YES;
				ENABLE_TESTABILITY = YES;
				GCC_C_LANGUAGE_STANDARD = gnu11;
				GCC_DYNAMIC_NO_PIC = NO;
				GCC_NO_COMMON_BLOCKS = YES;
				GCC_OPTIMIZATION_LEVEL = 0;
				GCC_PREPROCESSOR_DEFINITIONS = (
					"DEBUG=1",
					"$(inherited)",
				);
				GCC_WARN_64_TO_32_BIT_CONVERSION = YES;
				GCC_WARN_ABOUT_RETURN_TYPE = YES_ERROR;
				GCC_WARN_UNDECLARED_SELECTOR = YES;
				GCC_WARN_UNINITIALIZED_AUTOS = YES_AGGRESSIVE;
				GCC_WARN_UNUSED_FUNCTION = YES;
				GCC_WARN_UNUSED_VARIABLE = YES;
				IPHONEOS_DEPLOYMENT_TARGET = 15.5;
				MTL_ENABLE_DEBUG_INFO = INCLUDE_SOURCE;
				MTL_FAST_MATH = YES;
				ONLY_ACTIVE_ARCH = YES;
				SDKROOT = iphoneos;
				SWIFT_ACTIVE_COMPILATION_CONDITIONS = DEBUG;
				SWIFT_OPTIMIZATION_LEVEL = "-Onone";
			};
			name = Debug;
		};
		7E6D608A291EED0500DC5F29 /* Release */ = {
			isa = XCBuildConfiguration;
			buildSettings = {
				ALWAYS_SEARCH_USER_PATHS = NO;
				CLANG_ANALYZER_NONNULL = YES;
				CLANG_ANALYZER_NUMBER_OBJECT_CONVERSION = YES_AGGRESSIVE;
				CLANG_CXX_LANGUAGE_STANDARD = "gnu++17";
				CLANG_ENABLE_MODULES = YES;
				CLANG_ENABLE_OBJC_ARC = YES;
				CLANG_ENABLE_OBJC_WEAK = YES;
				CLANG_WARN_BLOCK_CAPTURE_AUTORELEASING = YES;
				CLANG_WARN_BOOL_CONVERSION = YES;
				CLANG_WARN_COMMA = YES;
				CLANG_WARN_CONSTANT_CONVERSION = YES;
				CLANG_WARN_DEPRECATED_OBJC_IMPLEMENTATIONS = YES;
				CLANG_WARN_DIRECT_OBJC_ISA_USAGE = YES_ERROR;
				CLANG_WARN_DOCUMENTATION_COMMENTS = YES;
				CLANG_WARN_EMPTY_BODY = YES;
				CLANG_WARN_ENUM_CONVERSION = YES;
				CLANG_WARN_INFINITE_RECURSION = YES;
				CLANG_WARN_INT_CONVERSION = YES;
				CLANG_WARN_NON_LITERAL_NULL_CONVERSION = YES;
				CLANG_WARN_OBJC_IMPLICIT_RETAIN_SELF = YES;
				CLANG_WARN_OBJC_LITERAL_CONVERSION = YES;
				CLANG_WARN_OBJC_ROOT_CLASS = YES_ERROR;
				CLANG_WARN_QUOTED_INCLUDE_IN_FRAMEWORK_HEADER = YES;
				CLANG_WARN_RANGE_LOOP_ANALYSIS = YES;
				CLANG_WARN_STRICT_PROTOTYPES = YES;
				CLANG_WARN_SUSPICIOUS_MOVE = YES;
				CLANG_WARN_UNGUARDED_AVAILABILITY = YES_AGGRESSIVE;
				CLANG_WARN_UNREACHABLE_CODE = YES;
				CLANG_WARN__DUPLICATE_METHOD_MATCH = YES;
				COPY_PHASE_STRIP = NO;
				DEBUG_INFORMATION_FORMAT = "dwarf-with-dsym";
				ENABLE_NS_ASSERTIONS = NO;
				ENABLE_STRICT_OBJC_MSGSEND = YES;
				GCC_C_LANGUAGE_STANDARD = gnu11;
				GCC_NO_COMMON_BLOCKS = YES;
				GCC_WARN_64_TO_32_BIT_CONVERSION = YES;
				GCC_WARN_ABOUT_RETURN_TYPE = YES_ERROR;
				GCC_WARN_UNDECLARED_SELECTOR = YES;
				GCC_WARN_UNINITIALIZED_AUTOS = YES_AGGRESSIVE;
				GCC_WARN_UNUSED_FUNCTION = YES;
				GCC_WARN_UNUSED_VARIABLE = YES;
				IPHONEOS_DEPLOYMENT_TARGET = 15.5;
				MTL_ENABLE_DEBUG_INFO = NO;
				MTL_FAST_MATH = YES;
				SDKROOT = iphoneos;
				SWIFT_COMPILATION_MODE = wholemodule;
				SWIFT_OPTIMIZATION_LEVEL = "-O";
				VALIDATE_PRODUCT = YES;
			};
			name = Release;
		};
		7E6D608C291EED0500DC5F29 /* Debug */ = {
			isa = XCBuildConfiguration;
			buildSettings = {
				ASSETCATALOG_COMPILER_APPICON_NAME = AppIcon;
				ASSETCATALOG_COMPILER_GLOBAL_ACCENT_COLOR_NAME = AccentColor;
				CODE_SIGN_STYLE = Automatic;
				CURRENT_PROJECT_VERSION = 1;
				DEVELOPMENT_TEAM = HMQ3FB95S5;
				GENERATE_INFOPLIST_FILE = YES;
				INFOPLIST_FILE = MyLocations/Info.plist;
				INFOPLIST_KEY_NSLocationWhenInUseUsageDescription = "This app lets you keep track of interesting places. It needs access to the GPS coordinates for your location.";
				INFOPLIST_KEY_UIApplicationSupportsIndirectInputEvents = YES;
				INFOPLIST_KEY_UILaunchStoryboardName = LaunchScreen;
				INFOPLIST_KEY_UIMainStoryboardFile = Main;
				INFOPLIST_KEY_UIRequiredDeviceCapabilities = "location-services";
				INFOPLIST_KEY_UISupportedInterfaceOrientations = UIInterfaceOrientationPortrait;
				INFOPLIST_KEY_UISupportedInterfaceOrientations_iPad = "UIInterfaceOrientationPortrait UIInterfaceOrientationPortraitUpsideDown UIInterfaceOrientationLandscapeLeft UIInterfaceOrientationLandscapeRight";
				INFOPLIST_KEY_UISupportedInterfaceOrientations_iPhone = "UIInterfaceOrientationPortrait UIInterfaceOrientationLandscapeLeft UIInterfaceOrientationLandscapeRight";
				LD_RUNPATH_SEARCH_PATHS = (
					"$(inherited)",
					"@executable_path/Frameworks",
				);
				MARKETING_VERSION = 1.0;
				PRODUCT_BUNDLE_IDENTIFIER = com.rigo.MyLocations;
				PRODUCT_NAME = "$(TARGET_NAME)";
				SWIFT_EMIT_LOC_STRINGS = YES;
				SWIFT_VERSION = 5.0;
				TARGETED_DEVICE_FAMILY = "1,2";
			};
			name = Debug;
		};
		7E6D608D291EED0500DC5F29 /* Release */ = {
			isa = XCBuildConfiguration;
			buildSettings = {
				ASSETCATALOG_COMPILER_APPICON_NAME = AppIcon;
				ASSETCATALOG_COMPILER_GLOBAL_ACCENT_COLOR_NAME = AccentColor;
				CODE_SIGN_STYLE = Automatic;
				CURRENT_PROJECT_VERSION = 1;
				DEVELOPMENT_TEAM = HMQ3FB95S5;
				GENERATE_INFOPLIST_FILE = YES;
				INFOPLIST_FILE = MyLocations/Info.plist;
				INFOPLIST_KEY_NSLocationWhenInUseUsageDescription = "This app lets you keep track of interesting places. It needs access to the GPS coordinates for your location.";
				INFOPLIST_KEY_UIApplicationSupportsIndirectInputEvents = YES;
				INFOPLIST_KEY_UILaunchStoryboardName = LaunchScreen;
				INFOPLIST_KEY_UIMainStoryboardFile = Main;
				INFOPLIST_KEY_UIRequiredDeviceCapabilities = "location-services";
				INFOPLIST_KEY_UISupportedInterfaceOrientations = UIInterfaceOrientationPortrait;
				INFOPLIST_KEY_UISupportedInterfaceOrientations_iPad = "UIInterfaceOrientationPortrait UIInterfaceOrientationPortraitUpsideDown UIInterfaceOrientationLandscapeLeft UIInterfaceOrientationLandscapeRight";
				INFOPLIST_KEY_UISupportedInterfaceOrientations_iPhone = "UIInterfaceOrientationPortrait UIInterfaceOrientationLandscapeLeft UIInterfaceOrientationLandscapeRight";
				LD_RUNPATH_SEARCH_PATHS = (
					"$(inherited)",
					"@executable_path/Frameworks",
				);
				MARKETING_VERSION = 1.0;
				PRODUCT_BUNDLE_IDENTIFIER = com.rigo.MyLocations;
				PRODUCT_NAME = "$(TARGET_NAME)";
				SWIFT_EMIT_LOC_STRINGS = YES;
				SWIFT_VERSION = 5.0;
				TARGETED_DEVICE_FAMILY = "1,2";
			};
			name = Release;
		};
/* End XCBuildConfiguration section */

/* Begin XCConfigurationList section */
		7E6D606F291EECEA00DC5F29 /* Build configuration list for PBXProject "MyLocations" */ = {
			isa = XCConfigurationList;
			buildConfigurations = (
				7E6D6089291EED0500DC5F29 /* Debug */,
				7E6D608A291EED0500DC5F29 /* Release */,
			);
			defaultConfigurationIsVisible = 0;
			defaultConfigurationName = Release;
		};
		7E6D608B291EED0500DC5F29 /* Build configuration list for PBXNativeTarget "MyLocations" */ = {
			isa = XCConfigurationList;
			buildConfigurations = (
				7E6D608C291EED0500DC5F29 /* Debug */,
				7E6D608D291EED0500DC5F29 /* Release */,
			);
			defaultConfigurationIsVisible = 0;
			defaultConfigurationName = Release;
		};
/* End XCConfigurationList section */

/* Begin XCVersionGroup section */
		7E6D6080291EECEB00DC5F29 /* MyLocations.xcdatamodeld */ = {
			isa = XCVersionGroup;
			children = (
				7E6D6081291EECEB00DC5F29 /* MyLocations.xcdatamodel */,
			);
			currentVersion = 7E6D6081291EECEB00DC5F29 /* MyLocations.xcdatamodel */;
			path = MyLocations.xcdatamodeld;
			sourceTree = "<group>";
			versionGroupType = wrapper.xcdatamodel;
		};
/* End XCVersionGroup section */
	};
	rootObject = 7E6D606C291EECEA00DC5F29 /* Project object */;
}
